
Microsoft Visual Studio Solution File, Format Version 12.00
# Visual Studio Version 17
VisualStudioVersion = 17.6.33829.357
MinimumVisualStudioVersion = 10.0.40219.1
Project("{FAE04EC0-301F-11D3-BF4B-00C04F79EFBC}") = "Curso_CSharp_2_WindowsForms", "Curso_CSharp_2_WindowsForms.csproj", "{366527C8-7102-4FC7-90F9-CA21D100EB55}"
EndProject
Global
	GlobalSection(SolutionConfigurationPlatforms) = preSolution
		Debug|Any CPU = Debug|Any CPU
		Release|Any CPU = Release|Any CPU
	EndGlobalSection
	GlobalSection(ProjectConfigurationPlatforms) = postSolution
		{366527C8-7102-4FC7-90F9-CA21D100EB55}.Debug|Any CPU.ActiveCfg = Debug|Any CPU
		{366527C8-7102-4FC7-90F9-CA21D100EB55}.Debug|Any CPU.Build.0 = Debug|Any CPU
		{366527C8-7102-4FC7-90F9-CA21D100EB55}.Release|Any CPU.ActiveCfg = Release|Any CPU
		{366527C8-7102-4FC7-90F9-CA21D100EB55}.Release|Any CPU.Build.0 = Release|Any CPU
	EndGlobalSection
	GlobalSection(SolutionProperties) = preSolution
		HideSolutionNode = FALSE
	EndGlobalSection
	GlobalSection(ExtensibilityGlobals) = postSolution
		SolutionGuid = {AD1CE5DE-16E5-4FA5-AAE1-003804B1473E}
	EndGlobalSection
EndGlobal
